
Microsoft Visual Studio Solution File, Format Version 12.00
# Visual Studio Version 16
VisualStudioVersion = 16.0.30114.105
MinimumVisualStudioVersion = 10.0.40219.1
Project("{FAE04EC0-301F-11D3-BF4B-00C04F79EFBC}") = "CheerReloaded", "CheerReloaded\CheerReloaded.csproj", "{840F62EC-BBFF-43E0-B9C8-4EAA3938E598}"
EndProject
Global
	GlobalSection(SolutionConfigurationPlatforms) = preSolution
		Debug|Any CPU = Debug|Any CPU
		Release|Any CPU = Release|Any CPU
	EndGlobalSection
	GlobalSection(ProjectConfigurationPlatforms) = postSolution
		{840F62EC-BBFF-43E0-B9C8-4EAA3938E598}.Debug|Any CPU.ActiveCfg = Debug|Any CPU
		{840F62EC-BBFF-43E0-B9C8-4EAA3938E598}.Debug|Any CPU.Build.0 = Debug|Any CPU
		{840F62EC-BBFF-43E0-B9C8-4EAA3938E598}.Release|Any CPU.ActiveCfg = Release|Any CPU
		{840F62EC-BBFF-43E0-B9C8-4EAA3938E598}.Release|Any CPU.Build.0 = Release|Any CPU
	EndGlobalSection
	GlobalSection(SolutionProperties) = preSolution
		HideSolutionNode = FALSE
	EndGlobalSection
	GlobalSection(ExtensibilityGlobals) = postSolution
		SolutionGuid = {234950C8-BA89-4781-9C8C-2BC545537788}
	EndGlobalSection
EndGlobal
